# This file is generated by running "yarn install" inside your project.
# Manual changes might be lost - proceed with caution!

__metadata:
  version: 8
  cacheKey: 10

"@directus/sdk@npm:14.0.0":
  version: 14.0.0
  resolution: "@directus/sdk@npm:14.0.0"
  checksum: 20fb9fe7d646b2d9e96f77c67e87a20c16a8a2b58500807adffff268e53715ebd7c8e0d8bc9294b83439e97948d883e0f2f3755d42f206f206fd338c80b2067e
  languageName: node
  linkType: hard

"@swc-node/core@npm:^1.10.6":
  version: 1.10.6
  resolution: "@swc-node/core@npm:1.10.6"
  peerDependencies:
    "@swc/core": ">= 1.3"
  checksum: 04152e7126bd12e34cb614893981216a68102b5dac7381e5f72e9c19a2edcae0eddc1bf0b1365ecc5a63c4cbef5b3a1cdfb788357611aa486b81c71554d21860
  languageName: node
  linkType: hard

"@swc-node/register@npm:1.6.8":
  version: 1.6.8
  resolution: "@swc-node/register@npm:1.6.8"
  dependencies:
    "@swc-node/core": "npm:^1.10.6"
    "@swc-node/sourcemap-support": "npm:^0.3.0"
    colorette: "npm:^2.0.19"
    debug: "npm:^4.3.4"
    pirates: "npm:^4.0.5"
    tslib: "npm:^2.5.0"
  peerDependencies:
    "@swc/core": ">= 1.3"
    typescript: ">= 4.3"
  checksum: 028b28c324011e859172b14c07e8fb32e9d8b107c1ee3216e0c1838c7d5b16aadbb7e186fdf8da4b48d4b8d958df00154de56580e502bd27be695f50f30b964f
  languageName: node
  linkType: hard

"@swc-node/sourcemap-support@npm:^0.3.0":
  version: 0.3.0
  resolution: "@swc-node/sourcemap-support@npm:0.3.0"
  dependencies:
    source-map-support: "npm:^0.5.21"
    tslib: "npm:^2.5.0"
  checksum: c172f420f0c6e072859dd3a5a0c3f49045c9d4b9546f222c8bfcbf2e1a60b81318b33790b7d111e4e90d1e1f68285354f99692503d7ac4eae07d65ac3ff8aa0a
  languageName: node
  linkType: hard

"@swc/core-darwin-arm64@npm:1.3.103":
  version: 1.3.103
  resolution: "@swc/core-darwin-arm64@npm:1.3.103"
  conditions: os=darwin & cpu=arm64
  languageName: node
  linkType: hard

"@swc/core-darwin-x64@npm:1.3.103":
  version: 1.3.103
  resolution: "@swc/core-darwin-x64@npm:1.3.103"
  conditions: os=darwin & cpu=x64
  languageName: node
  linkType: hard

"@swc/core-linux-arm-gnueabihf@npm:1.3.103":
  version: 1.3.103
  resolution: "@swc/core-linux-arm-gnueabihf@npm:1.3.103"
  conditions: os=linux & cpu=arm
  languageName: node
  linkType: hard

"@swc/core-linux-arm64-gnu@npm:1.3.103":
  version: 1.3.103
  resolution: "@swc/core-linux-arm64-gnu@npm:1.3.103"
  conditions: os=linux & cpu=arm64 & libc=glibc
  languageName: node
  linkType: hard

"@swc/core-linux-arm64-musl@npm:1.3.103":
  version: 1.3.103
  resolution: "@swc/core-linux-arm64-musl@npm:1.3.103"
  conditions: os=linux & cpu=arm64 & libc=musl
  languageName: node
  linkType: hard

"@swc/core-linux-x64-gnu@npm:1.3.103":
  version: 1.3.103
  resolution: "@swc/core-linux-x64-gnu@npm:1.3.103"
  conditions: os=linux & cpu=x64 & libc=glibc
  languageName: node
  linkType: hard

"@swc/core-linux-x64-musl@npm:1.3.103":
  version: 1.3.103
  resolution: "@swc/core-linux-x64-musl@npm:1.3.103"
  conditions: os=linux & cpu=x64 & libc=musl
  languageName: node
  linkType: hard

"@swc/core-win32-arm64-msvc@npm:1.3.103":
  version: 1.3.103
  resolution: "@swc/core-win32-arm64-msvc@npm:1.3.103"
  conditions: os=win32 & cpu=arm64
  languageName: node
  linkType: hard

"@swc/core-win32-ia32-msvc@npm:1.3.103":
  version: 1.3.103
  resolution: "@swc/core-win32-ia32-msvc@npm:1.3.103"
  conditions: os=win32 & cpu=ia32
  languageName: node
  linkType: hard

"@swc/core-win32-x64-msvc@npm:1.3.103":
  version: 1.3.103
  resolution: "@swc/core-win32-x64-msvc@npm:1.3.103"
  conditions: os=win32 & cpu=x64
  languageName: node
  linkType: hard

"@swc/core@npm:1.3.103":
  version: 1.3.103
  resolution: "@swc/core@npm:1.3.103"
  dependencies:
    "@swc/core-darwin-arm64": "npm:1.3.103"
    "@swc/core-darwin-x64": "npm:1.3.103"
    "@swc/core-linux-arm-gnueabihf": "npm:1.3.103"
    "@swc/core-linux-arm64-gnu": "npm:1.3.103"
    "@swc/core-linux-arm64-musl": "npm:1.3.103"
    "@swc/core-linux-x64-gnu": "npm:1.3.103"
    "@swc/core-linux-x64-musl": "npm:1.3.103"
    "@swc/core-win32-arm64-msvc": "npm:1.3.103"
    "@swc/core-win32-ia32-msvc": "npm:1.3.103"
    "@swc/core-win32-x64-msvc": "npm:1.3.103"
    "@swc/counter": "npm:^0.1.1"
    "@swc/types": "npm:^0.1.5"
  peerDependencies:
    "@swc/helpers": ^0.5.0
  dependenciesMeta:
    "@swc/core-darwin-arm64":
      optional: true
    "@swc/core-darwin-x64":
      optional: true
    "@swc/core-linux-arm-gnueabihf":
      optional: true
    "@swc/core-linux-arm64-gnu":
      optional: true
    "@swc/core-linux-arm64-musl":
      optional: true
    "@swc/core-linux-x64-gnu":
      optional: true
    "@swc/core-linux-x64-musl":
      optional: true
    "@swc/core-win32-arm64-msvc":
      optional: true
    "@swc/core-win32-ia32-msvc":
      optional: true
    "@swc/core-win32-x64-msvc":
      optional: true
  peerDependenciesMeta:
    "@swc/helpers":
      optional: true
  checksum: 65eff8264dfd73088b226091fc53d5242a8c9576caa76b27a91eeb30714a245ee4c92093ede50c3621dbd99315ca213e3d76ea73208eeacd3e4d0c1f32815309
  languageName: node
  linkType: hard

"@swc/counter@npm:^0.1.1":
  version: 0.1.2
  resolution: "@swc/counter@npm:0.1.2"
  checksum: 8427c594f1f0cf44b83885e9c8fe1e370c9db44ae96e07a37c117a6260ee97797d0709483efbcc244e77bac578690215f45b23254c4cd8a70fb25ddbb50bf33e
  languageName: node
  linkType: hard

"@swc/types@npm:^0.1.5":
  version: 0.1.5
  resolution: "@swc/types@npm:0.1.5"
  checksum: 5f4de8c60d2623bed607c7fa1e0cee4ffc682af28d5ffe88dc9ed9903a1c2088ccc39f684689d6bb314595c9fbb560beaec773d633be515fb856ffc81d738822
  languageName: node
  linkType: hard

"@types/node@npm:20.11.5":
  version: 20.11.5
  resolution: "@types/node@npm:20.11.5"
  dependencies:
    undici-types: "npm:~5.26.4"
  checksum: 9f31c471047d7b3e240ce7b77ff29b0d15e83be7e3feafb3d0b0d0931122b438b1eefa302a5a2e1e9849914ff3fd76aafbd8ccb372efb1331ba048da63bce6f8
  languageName: node
  linkType: hard

"@zenika/clusters@workspace:packages/clusters":
  version: 0.0.0-use.local
  resolution: "@zenika/clusters@workspace:packages/clusters"
  languageName: unknown
  linkType: soft

"@zenika/coffee@workspace:packages/loaders/cofee-loader":
  version: 0.0.0-use.local
  resolution: "@zenika/coffee@workspace:packages/loaders/cofee-loader"
  dependencies:
    coffeescript: "npm:^2.7.0"
  languageName: unknown
  linkType: soft

"@zenika/graphql-loader-advanced@npm:1.0.0, @zenika/graphql-loader-advanced@workspace:packages/loaders/graphql-loader-advanced":
  version: 0.0.0-use.local
  resolution: "@zenika/graphql-loader-advanced@workspace:packages/loaders/graphql-loader-advanced"
  dependencies:
    "@directus/sdk": "npm:14.0.0"
    graphql: "npm:16.8.1"
  languageName: unknown
  linkType: soft

"@zenika/graphql-loader-example@workspace:packages/loaders/example":
  version: 0.0.0-use.local
  resolution: "@zenika/graphql-loader-example@workspace:packages/loaders/example"
  dependencies:
    "@zenika/graphql-loader": "npm:1.0.0"
    "@zenika/graphql-loader-advanced": "npm:1.0.0"
    "@zenika/ts-loader": "npm:1.0.0"
  languageName: unknown
  linkType: soft

"@zenika/graphql-loader@npm:1.0.0, @zenika/graphql-loader@workspace:packages/loaders/graphql-loader":
  version: 0.0.0-use.local
  resolution: "@zenika/graphql-loader@workspace:packages/loaders/graphql-loader"
  dependencies:
    "@directus/sdk": "npm:14.0.0"
  languageName: unknown
  linkType: soft

"@zenika/spawn@workspace:packages/spawn":
  version: 0.0.0-use.local
  resolution: "@zenika/spawn@workspace:packages/spawn"
  dependencies:
    body: "npm:5.1.0"
    chalk: "npm:4.1.0"
    fancylog: "npm:^4.0.5"
  bin:
    log-f: ./bin/log-forwarder.js
    log-p: ./bin/log-pipe.js
  languageName: unknown
  linkType: soft

"@zenika/ts-loader@npm:1.0.0, @zenika/ts-loader@workspace:packages/loaders/ts-loader":
  version: 0.0.0-use.local
  resolution: "@zenika/ts-loader@workspace:packages/loaders/ts-loader"
  dependencies:
    "@swc-node/register": "npm:1.6.8"
    "@swc/core": "npm:1.3.103"
  languageName: unknown
  linkType: soft

"@zenika/workers@workspace:packages/workers":
  version: 0.0.0-use.local
  resolution: "@zenika/workers@workspace:packages/workers"
  languageName: unknown
  linkType: soft

"ansi-regex@npm:^5.0.1":
  version: 5.0.1
  resolution: "ansi-regex@npm:5.0.1"
  checksum: 2aa4bb54caf2d622f1afdad09441695af2a83aa3fe8b8afa581d205e57ed4261c183c4d3877cee25794443fde5876417d859c108078ab788d6af7e4fe52eb66b
  languageName: node
  linkType: hard

"ansi-styles@npm:^4.1.0":
  version: 4.3.0
  resolution: "ansi-styles@npm:4.3.0"
  dependencies:
    color-convert: "npm:^2.0.1"
  checksum: b4494dfbfc7e4591b4711a396bd27e540f8153914123dccb4cdbbcb514015ada63a3809f362b9d8d4f6b17a706f1d7bea3c6f974b15fa5ae76b5b502070889ff
  languageName: node
  linkType: hard

"bbl-nodejs-workers@workspace:.":
  version: 0.0.0-use.local
  resolution: "bbl-nodejs-workers@workspace:."
  dependencies:
    "@types/node": "npm:20.11.5"
    typescript: "npm:5.3.3"
    uuid: "npm:^9.0.1"
  languageName: unknown
  linkType: soft

"body@npm:5.1.0":
  version: 5.1.0
  resolution: "body@npm:5.1.0"
  dependencies:
    continuable-cache: "npm:^0.3.1"
    error: "npm:^7.0.0"
    raw-body: "npm:~1.1.0"
    safe-json-parse: "npm:~1.0.1"
  checksum: e11cf04a6ce4d9a9d0760b755c66d2b83aabcb7b30355373b3132c2af3bab7055ee15fe2540932b956084223d18f80fde47a289a106d4d773acb637ae82d832d
  languageName: node
  linkType: hard

"buffer-from@npm:^1.0.0":
  version: 1.1.2
  resolution: "buffer-from@npm:1.1.2"
  checksum: 0448524a562b37d4d7ed9efd91685a5b77a50672c556ea254ac9a6d30e3403a517d8981f10e565db24e8339413b43c97ca2951f10e399c6125a0d8911f5679bb
  languageName: node
  linkType: hard

"bytes@npm:1":
  version: 1.0.0
  resolution: "bytes@npm:1.0.0"
  checksum: 6e475440d7e32971611d2bc592695fee484ee91ca1cd49f99c855560131f71670d3d185210f6cdd1704f12281f0cfcee5cb1c1f6788cb2f676b410464b7d6885
  languageName: node
  linkType: hard

"chalk@npm:4.1.0":
  version: 4.1.0
  resolution: "chalk@npm:4.1.0"
  dependencies:
    ansi-styles: "npm:^4.1.0"
    supports-color: "npm:^7.1.0"
  checksum: e8d2b9b9abe5aee78caae44e2fd86ade56e440df5822006d702ce18771c00418b6f2c0eb294093d5486b852c83f021e409205d0ee07095fb14f5c8f9db9e7f80
  languageName: node
  linkType: hard

"chalk@npm:^3.0.0":
  version: 3.0.0
  resolution: "chalk@npm:3.0.0"
  dependencies:
    ansi-styles: "npm:^4.1.0"
    supports-color: "npm:^7.1.0"
  checksum: 37f90b31fd655fb49c2bd8e2a68aebefddd64522655d001ef417e6f955def0ed9110a867ffc878a533f2dafea5f2032433a37c8a7614969baa7f8a1cd424ddfc
  languageName: node
  linkType: hard

"coffeescript@npm:^2.7.0":
  version: 2.7.0
  resolution: "coffeescript@npm:2.7.0"
  bin:
    cake: bin/cake
    coffee: bin/coffee
  checksum: 702620f24ab2b55f79c316b81dcf441865e04bbdec8e76fecf8001e035486ac2886f586266d1e8b798c72b13a91d4382d5ebd2119609531189f7258cc488a27b
  languageName: node
  linkType: hard

"color-convert@npm:^2.0.1":
  version: 2.0.1
  resolution: "color-convert@npm:2.0.1"
  dependencies:
    color-name: "npm:~1.1.4"
  checksum: fa00c91b4332b294de06b443923246bccebe9fab1b253f7fe1772d37b06a2269b4039a85e309abe1fe11b267b11c08d1d0473fda3badd6167f57313af2887a64
  languageName: node
  linkType: hard

"color-name@npm:~1.1.4":
  version: 1.1.4
  resolution: "color-name@npm:1.1.4"
  checksum: b0445859521eb4021cd0fb0cc1a75cecf67fceecae89b63f62b201cca8d345baf8b952c966862a9d9a2632987d4f6581f0ec8d957dfacece86f0a7919316f610
  languageName: node
  linkType: hard

"colorette@npm:^2.0.19":
  version: 2.0.20
  resolution: "colorette@npm:2.0.20"
  checksum: 0b8de48bfa5d10afc160b8eaa2b9938f34a892530b2f7d7897e0458d9535a066e3998b49da9d21161c78225b272df19ae3a64d6df28b4c9734c0e55bbd02406f
  languageName: node
  linkType: hard

"continuable-cache@npm:^0.3.1":
  version: 0.3.1
  resolution: "continuable-cache@npm:0.3.1"
  checksum: b36ec13a3a641354b2b06579a8488a0e87cc016d44fffd62878bc360c99bcc7eb714abec6b9eb5c639b7ee50d0a25a504873a9b9c69088b49a13dd325dfb6d53
  languageName: node
  linkType: hard

"dateformat@npm:^3.0.3":
  version: 3.0.3
  resolution: "dateformat@npm:3.0.3"
  checksum: 0504baf50c3777ad333c96c37d1673d67efcb7dd071563832f70b5cbf7f3f4753f18981d44bfd8f665d5e5a511d2fc0af8e0ead8b585b9b3ddaa90067864d3f0
  languageName: node
  linkType: hard

"debug@npm:^4.3.4":
  version: 4.3.4
  resolution: "debug@npm:4.3.4"
  dependencies:
    ms: "npm:2.1.2"
  peerDependenciesMeta:
    supports-color:
      optional: true
  checksum: 0073c3bcbd9cb7d71dd5f6b55be8701af42df3e56e911186dfa46fac3a5b9eb7ce7f377dd1d3be6db8977221f8eb333d945216f645cf56f6b688cd484837d255
  languageName: node
  linkType: hard

"error@npm:^7.0.0":
  version: 7.2.1
  resolution: "error@npm:7.2.1"
  dependencies:
    string-template: "npm:~0.2.1"
  checksum: 9c790d20a386947acfeabb0d1c39173efe8e5a38cb732b5f06c11a25c23ce8ac4dafbb7aa240565e034580a49aba0703e743d0274c6228500ddf947a1b998568
  languageName: node
  linkType: hard

"fancylog@npm:^4.0.5":
  version: 4.0.5
  resolution: "fancylog@npm:4.0.5"
  dependencies:
    chalk: "npm:^3.0.0"
    dateformat: "npm:^3.0.3"
    mkdirp: "npm:^1.0.3"
    strip-ansi: "npm:^6.0.0"
  checksum: 0abed4a69ec9e2881cdf863566680380a19bf169c050d4a4401ed3cdac559b1cf699ca9fb76a0c7578cf8cc8e03a1812241ee4f330f4bcd68937b00d63909d7a
  languageName: node
  linkType: hard

"graphql@npm:16.8.1":
  version: 16.8.1
  resolution: "graphql@npm:16.8.1"
  checksum: 7a09d3ec5f75061afe2bd2421a2d53cf37273d2ecaad8f34febea1f1ac205dfec2834aec3419fa0a10fcc9fb345863b2f893562fb07ea825da2ae82f6392893c
  languageName: node
  linkType: hard

"has-flag@npm:^4.0.0":
  version: 4.0.0
  resolution: "has-flag@npm:4.0.0"
  checksum: 261a1357037ead75e338156b1f9452c016a37dcd3283a972a30d9e4a87441ba372c8b81f818cd0fbcd9c0354b4ae7e18b9e1afa1971164aef6d18c2b6095a8ad
  languageName: node
  linkType: hard

"mkdirp@npm:^1.0.3":
  version: 1.0.4
  resolution: "mkdirp@npm:1.0.4"
  bin:
    mkdirp: bin/cmd.js
  checksum: d71b8dcd4b5af2fe13ecf3bd24070263489404fe216488c5ba7e38ece1f54daf219e72a833a3a2dc404331e870e9f44963a33399589490956bff003a3404d3b2
  languageName: node
  linkType: hard

"ms@npm:2.1.2":
  version: 2.1.2
  resolution: "ms@npm:2.1.2"
  checksum: 673cdb2c3133eb050c745908d8ce632ed2c02d85640e2edb3ace856a2266a813b30c613569bf3354fdf4ea7d1a1494add3bfa95e2713baa27d0c2c71fc44f58f
  languageName: node
  linkType: hard

"pirates@npm:^4.0.5":
  version: 4.0.6
  resolution: "pirates@npm:4.0.6"
  checksum: d02dda76f4fec1cbdf395c36c11cf26f76a644f9f9a1bfa84d3167d0d3154d5289aacc72677aa20d599bb4a6937a471de1b65c995e2aea2d8687cbcd7e43ea5f
  languageName: node
  linkType: hard

"raw-body@npm:~1.1.0":
  version: 1.1.7
  resolution: "raw-body@npm:1.1.7"
  dependencies:
    bytes: "npm:1"
    string_decoder: "npm:0.10"
  checksum: 75ab1815ac54992abccccdffb27bd9ad9f5b6f5fb66e740474ad0d1bd3c1425e407b2be5eb34e0bef3da2c66bfa6a2c2b77498596f5b9999ead2d449fff0226f
  languageName: node
  linkType: hard

"safe-json-parse@npm:~1.0.1":
  version: 1.0.1
  resolution: "safe-json-parse@npm:1.0.1"
  checksum: 5af65161011fd06dc1c51c18d759fe0df9e075fad4f5f363bc61403f4d963c3481f12d1794bbacef72aee7def20f426126da5767c283d9fcaecead34828499ad
  languageName: node
  linkType: hard

"source-map-support@npm:^0.5.21":
  version: 0.5.21
  resolution: "source-map-support@npm:0.5.21"
  dependencies:
    buffer-from: "npm:^1.0.0"
    source-map: "npm:^0.6.0"
  checksum: 8317e12d84019b31e34b86d483dd41d6f832f389f7417faf8fc5c75a66a12d9686e47f589a0554a868b8482f037e23df9d040d29387eb16fa14cb85f091ba207
  languageName: node
  linkType: hard

"source-map@npm:^0.6.0":
  version: 0.6.1
  resolution: "source-map@npm:0.6.1"
  checksum: 59ef7462f1c29d502b3057e822cdbdae0b0e565302c4dd1a95e11e793d8d9d62006cdc10e0fd99163ca33ff2071360cf50ee13f90440806e7ed57d81cba2f7ff
  languageName: node
  linkType: hard

"string-template@npm:~0.2.1":
  version: 0.2.1
  resolution: "string-template@npm:0.2.1"
  checksum: 042cdcf4d4832378f12fbf45b42f479990f330cc409e6dc184838801efbc8352ccf9428fe169f8f8cfff2b864879d4ba1ef8b5f41d63d1d71844c48005a1683f
  languageName: node
  linkType: hard

"string_decoder@npm:0.10":
  version: 0.10.31
  resolution: "string_decoder@npm:0.10.31"
  checksum: cc43e6b1340d4c7843da0e37d4c87a4084c2342fc99dcf6563c3ec273bb082f0cbd4ebf25d5da19b04fb16400d393885fda830be5128e1c416c73b5a6165f175
  languageName: node
  linkType: hard

"strip-ansi@npm:^6.0.0":
  version: 6.0.1
  resolution: "strip-ansi@npm:6.0.1"
  dependencies:
    ansi-regex: "npm:^5.0.1"
  checksum: ae3b5436d34fadeb6096367626ce987057713c566e1e7768818797e00ac5d62023d0f198c4e681eae9e20701721980b26a64a8f5b91238869592a9c6800719a2
  languageName: node
  linkType: hard

"supports-color@npm:^7.1.0":
  version: 7.2.0
  resolution: "supports-color@npm:7.2.0"
  dependencies:
    has-flag: "npm:^4.0.0"
  checksum: c8bb7afd564e3b26b50ca6ee47572c217526a1389fe018d00345856d4a9b08ffbd61fadaf283a87368d94c3dcdb8f5ffe2650a5a65863e21ad2730ca0f05210a
  languageName: node
  linkType: hard

"tslib@npm:^2.5.0":
  version: 2.6.2
  resolution: "tslib@npm:2.6.2"
  checksum: bd26c22d36736513980091a1e356378e8b662ded04204453d353a7f34a4c21ed0afc59b5f90719d4ba756e581a162ecbf93118dc9c6be5acf70aa309188166ca
  languageName: node
  linkType: hard

"typescript@npm:5.3.3":
  version: 5.3.3
  resolution: "typescript@npm:5.3.3"
  bin:
    tsc: bin/tsc
    tsserver: bin/tsserver
  checksum: 6e4e6a14a50c222b3d14d4ea2f729e79f972fa536ac1522b91202a9a65af3605c2928c4a790a4a50aa13694d461c479ba92cedaeb1e7b190aadaa4e4b96b8e18
  languageName: node
  linkType: hard

"typescript@patch:typescript@npm%3A5.3.3#optional!builtin<compat/typescript>":
  version: 5.3.3
  resolution: "typescript@patch:typescript@npm%3A5.3.3#optional!builtin<compat/typescript>::version=5.3.3&hash=e012d7"
  bin:
    tsc: bin/tsc
    tsserver: bin/tsserver
  checksum: c93786fcc9a70718ba1e3819bab56064ead5817004d1b8186f8ca66165f3a2d0100fee91fa64c840dcd45f994ca5d615d8e1f566d39a7470fc1e014dbb4cf15d
  languageName: node
  linkType: hard

"undici-types@npm:~5.26.4":
  version: 5.26.5
  resolution: "undici-types@npm:5.26.5"
  checksum: 0097779d94bc0fd26f0418b3a05472410408877279141ded2bd449167be1aed7ea5b76f756562cb3586a07f251b90799bab22d9019ceba49c037c76445f7cddd
  languageName: node
  linkType: hard

"uuid@npm:^9.0.1":
  version: 9.0.1
  resolution: "uuid@npm:9.0.1"
  bin:
    uuid: dist/bin/uuid
  checksum: 9d0b6adb72b736e36f2b1b53da0d559125ba3e39d913b6072f6f033e0c87835b414f0836b45bcfaf2bdf698f92297fea1c3cc19b0b258bc182c9c43cc0fab9f2
  languageName: node
  linkType: hard
